
Microsoft Visual Studio Solution File, Format Version 12.00
# Visual Studio Version 17
VisualStudioVersion = 17.14.36603.0 d17.14
MinimumVisualStudioVersion = 10.0.40219.1
Project("{FAE04EC0-301F-11D3-BF4B-00C04F79EFBC}") = "WorkTimeLogger", "WorkTimeLogger.csproj", "{582B0E15-1F03-4CCF-9E57-762CD6CE82B7}"
EndProject
Global
	GlobalSection(SolutionConfigurationPlatforms) = preSolution
		Debug|Any CPU = Debug|Any CPU
		Release|Any CPU = Release|Any CPU
	EndGlobalSection
	GlobalSection(ProjectConfigurationPlatforms) = postSolution
		{582B0E15-1F03-4CCF-9E57-762CD6CE82B7}.Debug|Any CPU.ActiveCfg = Debug|Any CPU
		{582B0E15-1F03-4CCF-9E57-762CD6CE82B7}.Debug|Any CPU.Build.0 = Debug|Any CPU
		{582B0E15-1F03-4CCF-9E57-762CD6CE82B7}.Release|Any CPU.ActiveCfg = Release|Any CPU
		{582B0E15-1F03-4CCF-9E57-762CD6CE82B7}.Release|Any CPU.Build.0 = Release|Any CPU
	EndGlobalSection
	GlobalSection(SolutionProperties) = preSolution
		HideSolutionNode = FALSE
	EndGlobalSection
	GlobalSection(ExtensibilityGlobals) = postSolution
		SolutionGuid = {8739D63E-9A8B-498A-912C-685717B6552C}
	EndGlobalSection
EndGlobal
